// !$*UTF8*$!
{
	archiveVersion = 1;
	classes = {
	};
	objectVersion = 46;
	objects = {

/* Begin PBXBuildFile section */
		18BEB6851C4FD42D0023D3B3 /* TypeTableViewController.swift in Sources */ = {isa = PBXBuildFile; fileRef = 18BEB6841C4FD42D0023D3B3 /* TypeTableViewController.swift */; };
		18BEB6871C4FD5AC0023D3B3 /* TypeTableViewCell.swift in Sources */ = {isa = PBXBuildFile; fileRef = 18BEB6861C4FD5AC0023D3B3 /* TypeTableViewCell.swift */; };
		18E587A11C610C0900C4F5F0 /* GirlViewController.swift in Sources */ = {isa = PBXBuildFile; fileRef = 18E587A01C610C0900C4F5F0 /* GirlViewController.swift */; };
		18E587A31C610C4700C4F5F0 /* GirlViewCell.swift in Sources */ = {isa = PBXBuildFile; fileRef = 18E587A21C610C4700C4F5F0 /* GirlViewCell.swift */; };
		18E6D2301C5B439800EBFB8D /* WebViewController.swift in Sources */ = {isa = PBXBuildFile; fileRef = 18E6D22F1C5B439800EBFB8D /* WebViewController.swift */; };
		18E8F3F71C5D088900EF877A /* Article.swift in Sources */ = {isa = PBXBuildFile; fileRef = 18E8F3F61C5D088900EF877A /* Article.swift */; };
		18E8F4061C5D216400EF877A /* CDArticle+CoreDataProperties.swift in Sources */ = {isa = PBXBuildFile; fileRef = 18E8F4041C5D216400EF877A /* CDArticle+CoreDataProperties.swift */; };
		18E8F4071C5D216400EF877A /* CDArticle.swift in Sources */ = {isa = PBXBuildFile; fileRef = 18E8F4051C5D216400EF877A /* CDArticle.swift */; };
		18E8F40A1C5DB12400EF877A /* Data.swift in Sources */ = {isa = PBXBuildFile; fileRef = 18E8F4091C5DB12400EF877A /* Data.swift */; };
		18E9A5B01C3CB7C600254D3D /* AppDelegate.swift in Sources */ = {isa = PBXBuildFile; fileRef = 18E9A5AF1C3CB7C600254D3D /* AppDelegate.swift */; };
		18E9A5B21C3CB7C600254D3D /* MainViewController.swift in Sources */ = {isa = PBXBuildFile; fileRef = 18E9A5B11C3CB7C600254D3D /* MainViewController.swift */; };
		18E9A5B51C3CB7C600254D3D /* Main.storyboard in Resources */ = {isa = PBXBuildFile; fileRef = 18E9A5B31C3CB7C600254D3D /* Main.storyboard */; };
		18E9A5B81C3CB7C600254D3D /* Gank.xcdatamodeld in Sources */ = {isa = PBXBuildFile; fileRef = 18E9A5B61C3CB7C600254D3D /* Gank.xcdatamodeld */; };
		18E9A5BA1C3CB7C600254D3D /* Assets.xcassets in Resources */ = {isa = PBXBuildFile; fileRef = 18E9A5B91C3CB7C600254D3D /* Assets.xcassets */; };
		18E9A5BD1C3CB7C600254D3D /* LaunchScreen.storyboard in Resources */ = {isa = PBXBuildFile; fileRef = 18E9A5BB1C3CB7C600254D3D /* LaunchScreen.storyboard */; };
		18E9A5C81C3CB7C600254D3D /* GankTests.swift in Sources */ = {isa = PBXBuildFile; fileRef = 18E9A5C71C3CB7C600254D3D /* GankTests.swift */; };
		18E9A5D31C3CB7C600254D3D /* GankUITests.swift in Sources */ = {isa = PBXBuildFile; fileRef = 18E9A5D21C3CB7C600254D3D /* GankUITests.swift */; };
		18E9A5E21C3CB9BE00254D3D /* MainViewCell.swift in Sources */ = {isa = PBXBuildFile; fileRef = 18E9A5E11C3CB9BE00254D3D /* MainViewCell.swift */; };
		18F2B8EA1C5C8FE8003A854E /* NET.swift in Sources */ = {isa = PBXBuildFile; fileRef = 18F2B8E91C5C8FE8003A854E /* NET.swift */; };
		79707C4D463AC695BEB757C0 /* Pods_Gank.framework in Frameworks */ = {isa = PBXBuildFile; fileRef = F45FA63F4B4F1FBD0EDB5A69 /* Pods_Gank.framework */; };
/* End PBXBuildFile section */

/* Begin PBXContainerItemProxy section */
		18E9A5C41C3CB7C600254D3D /* PBXContainerItemProxy */ = {
			isa = PBXContainerItemProxy;
			containerPortal = 18E9A5A41C3CB7C600254D3D /* Project object */;
			proxyType = 1;
			remoteGlobalIDString = 18E9A5AB1C3CB7C600254D3D;
			remoteInfo = Gank;
		};
		18E9A5CF1C3CB7C600254D3D /* PBXContainerItemProxy */ = {
			isa = PBXContainerItemProxy;
			containerPortal = 18E9A5A41C3CB7C600254D3D /* Project object */;
			proxyType = 1;
			remoteGlobalIDString = 18E9A5AB1C3CB7C600254D3D;
			remoteInfo = Gank;
		};
/* End PBXContainerItemProxy section */

/* Begin PBXFileReference section */
		18BEB6841C4FD42D0023D3B3 /* TypeTableViewController.swift */ = {isa = PBXFileReference; fileEncoding = 4; lastKnownFileType = sourcecode.swift; path = TypeTableViewController.swift; sourceTree = "<group>"; };
		18BEB6861C4FD5AC0023D3B3 /* TypeTableViewCell.swift */ = {isa = PBXFileReference; fileEncoding = 4; lastKnownFileType = sourcecode.swift; path = TypeTableViewCell.swift; sourceTree = "<group>"; };
		18E587A01C610C0900C4F5F0 /* GirlViewController.swift */ = {isa = PBXFileReference; fileEncoding = 4; lastKnownFileType = sourcecode.swift; path = GirlViewController.swift; sourceTree = "<group>"; };
		18E587A21C610C4700C4F5F0 /* GirlViewCell.swift */ = {isa = PBXFileReference; fileEncoding = 4; lastKnownFileType = sourcecode.swift; path = GirlViewCell.swift; sourceTree = "<group>"; };
		18E6D22F1C5B439800EBFB8D /* WebViewController.swift */ = {isa = PBXFileReference; fileEncoding = 4; lastKnownFileType = sourcecode.swift; path = WebViewController.swift; sourceTree = "<group>"; };
		18E8F3F61C5D088900EF877A /* Article.swift */ = {isa = PBXFileReference; fileEncoding = 4; lastKnownFileType = sourcecode.swift; path = Article.swift; sourceTree = "<group>"; };
		18E8F4041C5D216400EF877A /* CDArticle+CoreDataProperties.swift */ = {isa = PBXFileReference; fileEncoding = 4; lastKnownFileType = sourcecode.swift; path = "CDArticle+CoreDataProperties.swift"; sourceTree = "<group>"; };
		18E8F4051C5D216400EF877A /* CDArticle.swift */ = {isa = PBXFileReference; fileEncoding = 4; lastKnownFileType = sourcecode.swift; path = CDArticle.swift; sourceTree = "<group>"; };
		18E8F4091C5DB12400EF877A /* Data.swift */ = {isa = PBXFileReference; fileEncoding = 4; lastKnownFileType = sourcecode.swift; path = Data.swift; sourceTree = "<group>"; };
		18E9A5AC1C3CB7C600254D3D /* Gank.app */ = {isa = PBXFileReference; explicitFileType = wrapper.application; includeInIndex = 0; path = Gank.app; sourceTree = BUILT_PRODUCTS_DIR; };
		18E9A5AF1C3CB7C600254D3D /* AppDelegate.swift */ = {isa = PBXFileReference; lastKnownFileType = sourcecode.swift; path = AppDelegate.swift; sourceTree = "<group>"; };
		18E9A5B11C3CB7C600254D3D /* MainViewController.swift */ = {isa = PBXFileReference; lastKnownFileType = sourcecode.swift; path = MainViewController.swift; sourceTree = "<group>"; };
		18E9A5B41C3CB7C600254D3D /* Base */ = {isa = PBXFileReference; lastKnownFileType = file.storyboard; name = Base; path = Base.lproj/Main.storyboard; sourceTree = "<group>"; };
		18E9A5B71C3CB7C600254D3D /* Gank.xcdatamodel */ = {isa = PBXFileReference; lastKnownFileType = wrapper.xcdatamodel; path = Gank.xcdatamodel; sourceTree = "<group>"; };
		18E9A5B91C3CB7C600254D3D /* Assets.xcassets */ = {isa = PBXFileReference; lastKnownFileType = folder.assetcatalog; path = Assets.xcassets; sourceTree = "<group>"; };
		18E9A5BC1C3CB7C600254D3D /* Base */ = {isa = PBXFileReference; lastKnownFileType = file.storyboard; name = Base; path = Base.lproj/LaunchScreen.storyboard; sourceTree = "<group>"; };
		18E9A5BE1C3CB7C600254D3D /* Info.plist */ = {isa = PBXFileReference; lastKnownFileType = text.plist.xml; path = Info.plist; sourceTree = "<group>"; };
		18E9A5C31C3CB7C600254D3D /* GankTests.xctest */ = {isa = PBXFileReference; explicitFileType = wrapper.cfbundle; includeInIndex = 0; path = GankTests.xctest; sourceTree = BUILT_PRODUCTS_DIR; };
		18E9A5C71C3CB7C600254D3D /* GankTests.swift */ = {isa = PBXFileReference; lastKnownFileType = sourcecode.swift; path = GankTests.swift; sourceTree = "<group>"; };
		18E9A5C91C3CB7C600254D3D /* Info.plist */ = {isa = PBXFileReference; lastKnownFileType = text.plist.xml; path = Info.plist; sourceTree = "<group>"; };
		18E9A5CE1C3CB7C600254D3D /* GankUITests.xctest */ = {isa = PBXFileReference; explicitFileType = wrapper.cfbundle; includeInIndex = 0; path = GankUITests.xctest; sourceTree = BUILT_PRODUCTS_DIR; };
		18E9A5D21C3CB7C600254D3D /* GankUITests.swift */ = {isa = PBXFileReference; lastKnownFileType = sourcecode.swift; path = GankUITests.swift; sourceTree = "<group>"; };
		18E9A5D41C3CB7C600254D3D /* Info.plist */ = {isa = PBXFileReference; lastKnownFileType = text.plist.xml; path = Info.plist; sourceTree = "<group>"; };
		18E9A5E11C3CB9BE00254D3D /* MainViewCell.swift */ = {isa = PBXFileReference; fileEncoding = 4; lastKnownFileType = sourcecode.swift; path = MainViewCell.swift; sourceTree = "<group>"; };
		18F2B8E91C5C8FE8003A854E /* NET.swift */ = {isa = PBXFileReference; fileEncoding = 4; lastKnownFileType = sourcecode.swift; path = NET.swift; sourceTree = "<group>"; };
		5A4945F2556AC5D891CC2151 /* Pods-Gank.release.xcconfig */ = {isa = PBXFileReference; includeInIndex = 1; lastKnownFileType = text.xcconfig; name = "Pods-Gank.release.xcconfig"; path = "Pods/Target Support Files/Pods-Gank/Pods-Gank.release.xcconfig"; sourceTree = "<group>"; };
		78E433627EF71A213A59E0AD /* Pods-Gank.debug.xcconfig */ = {isa = PBXFileReference; includeInIndex = 1; lastKnownFileType = text.xcconfig; name = "Pods-Gank.debug.xcconfig"; path = "Pods/Target Support Files/Pods-Gank/Pods-Gank.debug.xcconfig"; sourceTree = "<group>"; };
		F45FA63F4B4F1FBD0EDB5A69 /* Pods_Gank.framework */ = {isa = PBXFileReference; explicitFileType = wrapper.framework; includeInIndex = 0; path = Pods_Gank.framework; sourceTree = BUILT_PRODUCTS_DIR; };
/* End PBXFileReference section */

/* Begin PBXFrameworksBuildPhase section */
		18E9A5A91C3CB7C600254D3D /* Frameworks */ = {
			isa = PBXFrameworksBuildPhase;
			buildActionMask = 2147483647;
			files = (
				79707C4D463AC695BEB757C0 /* Pods_Gank.framework in Frameworks */,
			);
			runOnlyForDeploymentPostprocessing = 0;
		};
		18E9A5C01C3CB7C600254D3D /* Frameworks */ = {
			isa = PBXFrameworksBuildPhase;
			buildActionMask = 2147483647;
			files = (
			);
			runOnlyForDeploymentPostprocessing = 0;
		};
		18E9A5CB1C3CB7C600254D3D /* Frameworks */ = {
			isa = PBXFrameworksBuildPhase;
			buildActionMask = 2147483647;
			files = (
			);
			runOnlyForDeploymentPostprocessing = 0;
		};
/* End PBXFrameworksBuildPhase section */

/* Begin PBXGroup section */
		18E8F4081C5DB10D00EF877A /* CoreData */ = {
			isa = PBXGroup;
			children = (
				18E8F4091C5DB12400EF877A /* Data.swift */,
			);
			name = CoreData;
			sourceTree = "<group>";
		};
		18E9A5A31C3CB7C600254D3D = {
			isa = PBXGroup;
			children = (
				18E9A5AE1C3CB7C600254D3D /* Gank */,
				18E9A5C61C3CB7C600254D3D /* GankTests */,
				18E9A5D11C3CB7C600254D3D /* GankUITests */,
				18E9A5AD1C3CB7C600254D3D /* Products */,
				20C384A7614EC3F59FD2CB22 /* Pods */,
				A047B6422F66E29B6D532D0B /* Frameworks */,
			);
			sourceTree = "<group>";
		};
		18E9A5AD1C3CB7C600254D3D /* Products */ = {
			isa = PBXGroup;
			children = (
				18E9A5AC1C3CB7C600254D3D /* Gank.app */,
				18E9A5C31C3CB7C600254D3D /* GankTests.xctest */,
				18E9A5CE1C3CB7C600254D3D /* GankUITests.xctest */,
			);
			name = Products;
			sourceTree = "<group>";
		};
		18E9A5AE1C3CB7C600254D3D /* Gank */ = {
			isa = PBXGroup;
			children = (
				18E8F4081C5DB10D00EF877A /* CoreData */,
				18E9A5EC1C3CF17D00254D3D /* Net */,
				18E9A5E51C3CED5000254D3D /* classify */,
				18E9A5E01C3CB99300254D3D /* Main */,
				18E9A5AF1C3CB7C600254D3D /* AppDelegate.swift */,
				18E8F3F61C5D088900EF877A /* Article.swift */,
				18E9A5B31C3CB7C600254D3D /* Main.storyboard */,
				18E9A5B91C3CB7C600254D3D /* Assets.xcassets */,
				18E9A5BB1C3CB7C600254D3D /* LaunchScreen.storyboard */,
				18E9A5BE1C3CB7C600254D3D /* Info.plist */,
				18E9A5B61C3CB7C600254D3D /* Gank.xcdatamodeld */,
				18BEB6841C4FD42D0023D3B3 /* TypeTableViewController.swift */,
				18BEB6861C4FD5AC0023D3B3 /* TypeTableViewCell.swift */,
				18E8F4041C5D216400EF877A /* CDArticle+CoreDataProperties.swift */,
				18E8F4051C5D216400EF877A /* CDArticle.swift */,
			);
			path = Gank;
			sourceTree = "<group>";
		};
		18E9A5C61C3CB7C600254D3D /* GankTests */ = {
			isa = PBXGroup;
			children = (
				18E9A5C71C3CB7C600254D3D /* GankTests.swift */,
				18E9A5C91C3CB7C600254D3D /* Info.plist */,
			);
			path = GankTests;
			sourceTree = "<group>";
		};
		18E9A5D11C3CB7C600254D3D /* GankUITests */ = {
			isa = PBXGroup;
			children = (
				18E9A5D21C3CB7C600254D3D /* GankUITests.swift */,
				18E9A5D41C3CB7C600254D3D /* Info.plist */,
			);
			path = GankUITests;
			sourceTree = "<group>";
		};
		18E9A5E01C3CB99300254D3D /* Main */ = {
			isa = PBXGroup;
			children = (
				18E9A5B11C3CB7C600254D3D /* MainViewController.swift */,
				18E587A01C610C0900C4F5F0 /* GirlViewController.swift */,
				18E9A5E11C3CB9BE00254D3D /* MainViewCell.swift */,
				18E6D22F1C5B439800EBFB8D /* WebViewController.swift */,
				18E587A21C610C4700C4F5F0 /* GirlViewCell.swift */,
			);
			name = Main;
			sourceTree = "<group>";
		};
		18E9A5E51C3CED5000254D3D /* classify */ = {
			isa = PBXGroup;
			children = (
			);
			name = classify;
			sourceTree = "<group>";
		};
		18E9A5EC1C3CF17D00254D3D /* Net */ = {
			isa = PBXGroup;
			children = (
				18F2B8E91C5C8FE8003A854E /* NET.swift */,
			);
			name = Net;
			sourceTree = "<group>";
		};
		20C384A7614EC3F59FD2CB22 /* Pods */ = {
			isa = PBXGroup;
			children = (
				78E433627EF71A213A59E0AD /* Pods-Gank.debug.xcconfig */,
				5A4945F2556AC5D891CC2151 /* Pods-Gank.release.xcconfig */,
			);
			name = Pods;
			sourceTree = "<group>";
		};
		A047B6422F66E29B6D532D0B /* Frameworks */ = {
			isa = PBXGroup;
			children = (
				F45FA63F4B4F1FBD0EDB5A69 /* Pods_Gank.framework */,
			);
			name = Frameworks;
			sourceTree = "<group>";
		};
/* End PBXGroup section */

/* Begin PBXNativeTarget section */
		18E9A5AB1C3CB7C600254D3D /* Gank */ = {
			isa = PBXNativeTarget;
			buildConfigurationList = 18E9A5D71C3CB7C600254D3D /* Build configuration list for PBXNativeTarget "Gank" */;
			buildPhases = (
				DEACA79C76197D51992CA1AE /* Check Pods Manifest.lock */,
				18E9A5A81C3CB7C600254D3D /* Sources */,
				18E9A5A91C3CB7C600254D3D /* Frameworks */,
				18E9A5AA1C3CB7C600254D3D /* Resources */,
				33F8852640DECF6C0320EB93 /* Embed Pods Frameworks */,
				7232215D7DEF398A56BB95A1 /* Copy Pods Resources */,
			);
			buildRules = (
			);
			dependencies = (
			);
			name = Gank;
			productName = Gank;
			productReference = 18E9A5AC1C3CB7C600254D3D /* Gank.app */;
			productType = "com.apple.product-type.application";
		};
		18E9A5C21C3CB7C600254D3D /* GankTests */ = {
			isa = PBXNativeTarget;
			buildConfigurationList = 18E9A5DA1C3CB7C600254D3D /* Build configuration list for PBXNativeTarget "GankTests" */;
			buildPhases = (
				18E9A5BF1C3CB7C600254D3D /* Sources */,
				18E9A5C01C3CB7C600254D3D /* Frameworks */,
				18E9A5C11C3CB7C600254D3D /* Resources */,
			);
			buildRules = (
			);
			dependencies = (
				18E9A5C51C3CB7C600254D3D /* PBXTargetDependency */,
			);
			name = GankTests;
			productName = GankTests;
			productReference = 18E9A5C31C3CB7C600254D3D /* GankTests.xctest */;
			productType = "com.apple.product-type.bundle.unit-test";
		};
		18E9A5CD1C3CB7C600254D3D /* GankUITests */ = {
			isa = PBXNativeTarget;
			buildConfigurationList = 18E9A5DD1C3CB7C600254D3D /* Build configuration list for PBXNativeTarget "GankUITests" */;
			buildPhases = (
				18E9A5CA1C3CB7C600254D3D /* Sources */,
				18E9A5CB1C3CB7C600254D3D /* Frameworks */,
				18E9A5CC1C3CB7C600254D3D /* Resources */,
			);
			buildRules = (
			);
			dependencies = (
				18E9A5D01C3CB7C600254D3D /* PBXTargetDependency */,
			);
			name = GankUITests;
			productName = GankUITests;
			productReference = 18E9A5CE1C3CB7C600254D3D /* GankUITests.xctest */;
			productType = "com.apple.product-type.bundle.ui-testing";
		};
/* End PBXNativeTarget section */

/* Begin PBXProject section */
		18E9A5A41C3CB7C600254D3D /* Project object */ = {
			isa = PBXProject;
			attributes = {
				LastSwiftUpdateCheck = 0720;
				LastUpgradeCheck = 0720;
				ORGANIZATIONNAME = apple;
				TargetAttributes = {
					18E9A5AB1C3CB7C600254D3D = {
						CreatedOnToolsVersion = 7.2;
						DevelopmentTeam = H7N6SCR4VN;
					};
					18E9A5C21C3CB7C600254D3D = {
						CreatedOnToolsVersion = 7.2;
						TestTargetID = 18E9A5AB1C3CB7C600254D3D;
					};
					18E9A5CD1C3CB7C600254D3D = {
						CreatedOnToolsVersion = 7.2;
						TestTargetID = 18E9A5AB1C3CB7C600254D3D;
					};
				};
			};
			buildConfigurationList = 18E9A5A71C3CB7C600254D3D /* Build configuration list for PBXProject "Gank" */;
			compatibilityVersion = "Xcode 3.2";
			developmentRegion = English;
			hasScannedForEncodings = 0;
			knownRegions = (
				en,
				Base,
			);
			mainGroup = 18E9A5A31C3CB7C600254D3D;
			productRefGroup = 18E9A5AD1C3CB7C600254D3D /* Products */;
			projectDirPath = "";
			projectRoot = "";
			targets = (
				18E9A5AB1C3CB7C600254D3D /* Gank */,
				18E9A5C21C3CB7C600254D3D /* GankTests */,
				18E9A5CD1C3CB7C600254D3D /* GankUITests */,
			);
		};
/* End PBXProject section */

/* Begin PBXResourcesBuildPhase section */
		18E9A5AA1C3CB7C600254D3D /* Resources */ = {
			isa = PBXResourcesBuildPhase;
			buildActionMask = 2147483647;
			files = (
				18E9A5BD1C3CB7C600254D3D /* LaunchScreen.storyboard in Resources */,
				18E9A5BA1C3CB7C600254D3D /* Assets.xcassets in Resources */,
				18E9A5B51C3CB7C600254D3D /* Main.storyboard in Resources */,
			);
			runOnlyForDeploymentPostprocessing = 0;
		};
		18E9A5C11C3CB7C600254D3D /* Resources */ = {
			isa = PBXResourcesBuildPhase;
			buildActionMask = 2147483647;
			files = (
			);
			runOnlyForDeploymentPostprocessing = 0;
		};
		18E9A5CC1C3CB7C600254D3D /* Resources */ = {
			isa = PBXResourcesBuildPhase;
			buildActionMask = 2147483647;
			files = (
			);
			runOnlyForDeploymentPostprocessing = 0;
		};
/* End PBXResourcesBuildPhase section */

/* Begin PBXShellScriptBuildPhase section */
		33F8852640DECF6C0320EB93 /* Embed Pods Frameworks */ = {
			isa = PBXShellScriptBuildPhase;
			buildActionMask = 2147483647;
			files = (
			);
			inputPaths = (
			);
			name = "Embed Pods Frameworks";
			outputPaths = (
			);
			runOnlyForDeploymentPostprocessing = 0;
			shellPath = /bin/sh;
			shellScript = "\"${SRCROOT}/Pods/Target Support Files/Pods-Gank/Pods-Gank-frameworks.sh\"\n";
			showEnvVarsInLog = 0;
		};
		7232215D7DEF398A56BB95A1 /* Copy Pods Resources */ = {
			isa = PBXShellScriptBuildPhase;
			buildActionMask = 2147483647;
			files = (
			);
			inputPaths = (
			);
			name = "Copy Pods Resources";
			outputPaths = (
			);
			runOnlyForDeploymentPostprocessing = 0;
			shellPath = /bin/sh;
			shellScript = "\"${SRCROOT}/Pods/Target Support Files/Pods-Gank/Pods-Gank-resources.sh\"\n";
			showEnvVarsInLog = 0;
		};
		DEACA79C76197D51992CA1AE /* Check Pods Manifest.lock */ = {
			isa = PBXShellScriptBuildPhase;
			buildActionMask = 2147483647;
			files = (
			);
			inputPaths = (
			);
			name = "Check Pods Manifest.lock";
			outputPaths = (
			);
			runOnlyForDeploymentPostprocessing = 0;
			shellPath = /bin/sh;
			shellScript = "diff \"${PODS_ROOT}/../Podfile.lock\" \"${PODS_ROOT}/Manifest.lock\" > /dev/null\nif [[ $? != 0 ]] ; then\n    cat << EOM\nerror: The sandbox is not in sync with the Podfile.lock. Run 'pod install' or update your CocoaPods installation.\nEOM\n    exit 1\nfi\n";
			showEnvVarsInLog = 0;
		};
/* End PBXShellScriptBuildPhase section */

/* Begin PBXSourcesBuildPhase section */
		18E9A5A81C3CB7C600254D3D /* Sources */ = {
			isa = PBXSourcesBuildPhase;
			buildActionMask = 2147483647;
			files = (
				18E587A11C610C0900C4F5F0 /* GirlViewController.swift in Sources */,
				18E9A5B81C3CB7C600254D3D /* Gank.xcdatamodeld in Sources */,
				18E8F4061C5D216400EF877A /* CDArticle+CoreDataProperties.swift in Sources */,
				18E6D2301C5B439800EBFB8D /* WebViewController.swift in Sources */,
				18E8F3F71C5D088900EF877A /* Article.swift in Sources */,
				18BEB6851C4FD42D0023D3B3 /* TypeTableViewController.swift in Sources */,
				18E9A5E21C3CB9BE00254D3D /* MainViewCell.swift in Sources */,
				18BEB6871C4FD5AC0023D3B3 /* TypeTableViewCell.swift in Sources */,
				18E8F40A1C5DB12400EF877A /* Data.swift in Sources */,
				18E9A5B21C3CB7C600254D3D /* MainViewController.swift in Sources */,
				18E587A31C610C4700C4F5F0 /* GirlViewCell.swift in Sources */,
				18E9A5B01C3CB7C600254D3D /* AppDelegate.swift in Sources */,
				18F2B8EA1C5C8FE8003A854E /* NET.swift in Sources */,
				18E8F4071C5D216400EF877A /* CDArticle.swift in Sources */,
			);
			runOnlyForDeploymentPostprocessing = 0;
		};
		18E9A5BF1C3CB7C600254D3D /* Sources */ = {
			isa = PBXSourcesBuildPhase;
			buildActionMask = 2147483647;
			files = (
				18E9A5C81C3CB7C600254D3D /* GankTests.swift in Sources */,
			);
			runOnlyForDeploymentPostprocessing = 0;
		};
		18E9A5CA1C3CB7C600254D3D /* Sources */ = {
			isa = PBXSourcesBuildPhase;
			buildActionMask = 2147483647;
			files = (
				18E9A5D31C3CB7C600254D3D /* GankUITests.swift in Sources */,
			);
			runOnlyForDeploymentPostprocessing = 0;
		};
/* End PBXSourcesBuildPhase section */

/* Begin PBXTargetDependency section */
		18E9A5C51C3CB7C600254D3D /* PBXTargetDependency */ = {
			isa = PBXTargetDependency;
			target = 18E9A5AB1C3CB7C600254D3D /* Gank */;
			targetProxy = 18E9A5C41C3CB7C600254D3D /* PBXContainerItemProxy */;
		};
		18E9A5D01C3CB7C600254D3D /* PBXTargetDependency */ = {
			isa = PBXTargetDependency;
			target = 18E9A5AB1C3CB7C600254D3D /* Gank */;
			targetProxy = 18E9A5CF1C3CB7C600254D3D /* PBXContainerItemProxy */;
		};
/* End PBXTargetDependency section */

/* Begin PBXVariantGroup section */
		18E9A5B31C3CB7C600254D3D /* Main.storyboard */ = {
			isa = PBXVariantGroup;
			children = (
				18E9A5B41C3CB7C600254D3D /* Base */,
			);
			name = Main.storyboard;
			sourceTree = "<group>";
		};
		18E9A5BB1C3CB7C600254D3D /* LaunchScreen.storyboard */ = {
			isa = PBXVariantGroup;
			children = (
				18E9A5BC1C3CB7C600254D3D /* Base */,
			);
			name = LaunchScreen.storyboard;
			sourceTree = "<group>";
		};
/* End PBXVariantGroup section */

/* Begin XCBuildConfiguration section */
		18E9A5D51C3CB7C600254D3D /* Debug */ = {
			isa = XCBuildConfiguration;
			buildSettings = {
				ALWAYS_SEARCH_USER_PATHS = NO;
				CLANG_CXX_LANGUAGE_STANDARD = "gnu++0x";
				CLANG_CXX_LIBRARY = "libc++";
				CLANG_ENABLE_MODULES = YES;
				CLANG_ENABLE_OBJC_ARC = YES;
				CLANG_WARN_BOOL_CONVERSION = YES;
				CLANG_WARN_CONSTANT_CONVERSION = YES;
				CLANG_WARN_DIRECT_OBJC_ISA_USAGE = YES_ERROR;
				CLANG_WARN_EMPTY_BODY = YES;
				CLANG_WARN_ENUM_CONVERSION = YES;
				CLANG_WARN_INT_CONVERSION = YES;
				CLANG_WARN_OBJC_ROOT_CLASS = YES_ERROR;
				CLANG_WARN_UNREACHABLE_CODE = YES;
				CLANG_WARN__DUPLICATE_METHOD_MATCH = YES;
				"CODE_SIGN_IDENTITY[sdk=iphoneos*]" = "iPhone Developer";
				COPY_PHASE_STRIP = NO;
				DEBUG_INFORMATION_FORMAT = dwarf;
				ENABLE_STRICT_OBJC_MSGSEND = YES;
				ENABLE_TESTABILITY = YES;
				GCC_C_LANGUAGE_STANDARD = gnu99;
				GCC_DYNAMIC_NO_PIC = NO;
				GCC_NO_COMMON_BLOCKS = YES;
				GCC_OPTIMIZATION_LEVEL = 0;
				GCC_PREPROCESSOR_DEFINITIONS = (
					"DEBUG=1",
					"$(inherited)",
				);
				GCC_WARN_64_TO_32_BIT_CONVERSION = YES;
				GCC_WARN_ABOUT_RETURN_TYPE = YES_ERROR;
				GCC_WARN_UNDECLARED_SELECTOR = YES;
				GCC_WARN_UNINITIALIZED_AUTOS = YES_AGGRESSIVE;
				GCC_WARN_UNUSED_FUNCTION = YES;
				GCC_WARN_UNUSED_VARIABLE = YES;
				IPHONEOS_DEPLOYMENT_TARGET = 9.2;
				LD_RUNPATH_SEARCH_PATHS = "@executable_path/Frameworks";
				MTL_ENABLE_DEBUG_INFO = YES;
				ONLY_ACTIVE_ARCH = YES;
				SDKROOT = iphoneos;
				SWIFT_OPTIMIZATION_LEVEL = "-Onone";
				TARGETED_DEVICE_FAMILY = "1,2";
			};
			name = Debug;
		};
		18E9A5D61C3CB7C600254D3D /* Release */ = {
			isa = XCBuildConfiguration;
			buildSettings = {
				ALWAYS_SEARCH_USER_PATHS = NO;
				CLANG_CXX_LANGUAGE_STANDARD = "gnu++0x";
				CLANG_CXX_LIBRARY = "libc++";
				CLANG_ENABLE_MODULES = YES;
				CLANG_ENABLE_OBJC_ARC = YES;
				CLANG_WARN_BOOL_CONVERSION = YES;
				CLANG_WARN_CONSTANT_CONVERSION = YES;
				CLANG_WARN_DIRECT_OBJC_ISA_USAGE = YES_ERROR;
				CLANG_WARN_EMPTY_BODY = YES;
				CLANG_WARN_ENUM_CONVERSION = YES;
				CLANG_WARN_INT_CONVERSION = YES;
				CLANG_WARN_OBJC_ROOT_CLASS = YES_ERROR;
				CLANG_WARN_UNREACHABLE_CODE = YES;
				CLANG_WARN__DUPLICATE_METHOD_MATCH = YES;
				"CODE_SIGN_IDENTITY[sdk=iphoneos*]" = "iPhone Developer";
				COPY_PHASE_STRIP = NO;
				DEBUG_INFORMATION_FORMAT = "dwarf-with-dsym";
				ENABLE_NS_ASSERTIONS = NO;
				ENABLE_STRICT_OBJC_MSGSEND = YES;
				GCC_C_LANGUAGE_STANDARD = gnu99;
				GCC_NO_COMMON_BLOCKS = YES;
				GCC_WARN_64_TO_32_BIT_CONVERSION = YES;
				GCC_WARN_ABOUT_RETURN_TYPE = YES_ERROR;
				GCC_WARN_UNDECLARED_SELECTOR = YES;
				GCC_WARN_UNINITIALIZED_AUTOS = YES_AGGRESSIVE;
				GCC_WARN_UNUSED_FUNCTION = YES;
				GCC_WARN_UNUSED_VARIABLE = YES;
				IPHONEOS_DEPLOYMENT_TARGET = 9.2;
				LD_RUNPATH_SEARCH_PATHS = "@executable_path/Frameworks";
				MTL_ENABLE_DEBUG_INFO = NO;
				SDKROOT = iphoneos;
				TARGETED_DEVICE_FAMILY = "1,2";
				VALIDATE_PRODUCT = YES;
			};
			name = Release;
		};
		18E9A5D81C3CB7C600254D3D /* Debug */ = {
			isa = XCBuildConfiguration;
			baseConfigurationReference = 78E433627EF71A213A59E0AD /* Pods-Gank.debug.xcconfig */;
			buildSettings = {
				ASSETCATALOG_COMPILER_APPICON_NAME = AppIcon;
				CLANG_ENABLE_MODULES = YES;
				CODE_SIGN_IDENTITY = "iPhone Developer";
				INFOPLIST_FILE = Gank/Info.plist;
				LD_RUNPATH_SEARCH_PATHS = "$(inherited) @executable_path/Frameworks";
				PRODUCT_BUNDLE_IDENTIFIER = sxb.Gank;
				PRODUCT_NAME = "$(TARGET_NAME)";
				SWIFT_OBJC_BRIDGING_HEADER = "";
				SWIFT_OPTIMIZATION_LEVEL = "-Onone";
			};
			name = Debug;
		};
		18E9A5D91C3CB7C600254D3D /* Release */ = {
			isa = XCBuildConfiguration;
			baseConfigurationReference = 5A4945F2556AC5D891CC2151 /* Pods-Gank.release.xcconfig */;
			buildSettings = {
				ASSETCATALOG_COMPILER_APPICON_NAME = AppIcon;
				CLANG_ENABLE_MODULES = YES;
				CODE_SIGN_IDENTITY = "iPhone Developer";
				INFOPLIST_FILE = Gank/Info.plist;
				LD_RUNPATH_SEARCH_PATHS = "$(inherited) @executable_path/Frameworks";
				PRODUCT_BUNDLE_IDENTIFIER = sxb.Gank;
				PRODUCT_NAME = "$(TARGET_NAME)";
				SWIFT_OBJC_BRIDGING_HEADER = "";
			};
			name = Release;
		};
		18E9A5DB1C3CB7C600254D3D /* Debug */ = {
			isa = XCBuildConfiguration;
			buildSettings = {
				BUNDLE_LOADER = "$(TEST_HOST)";
				INFOPLIST_FILE = GankTests/Info.plist;
				LD_RUNPATH_SEARCH_PATHS = "$(inherited) @executable_path/Frameworks @loader_path/Frameworks";
				PRODUCT_BUNDLE_IDENTIFIER = sxb.GankTests;
				PRODUCT_NAME = "$(TARGET_NAME)";
				TEST_HOST = "$(BUILT_PRODUCTS_DIR)/Gank.app/Gank";
			};
			name = Debug;
		};
		18E9A5DC1C3CB7C600254D3D /* Release */ = {
			isa = XCBuildConfiguration;
			buildSettings = {
				BUNDLE_LOADER = "$(TEST_HOST)";
				INFOPLIST_FILE = GankTests/Info.plist;
				LD_RUNPATH_SEARCH_PATHS = "$(inherited) @executable_path/Frameworks @loader_path/Frameworks";
				PRODUCT_BUNDLE_IDENTIFIER = sxb.GankTests;
				PRODUCT_NAME = "$(TARGET_NAME)";
				TEST_HOST = "$(BUILT_PRODUCTS_DIR)/Gank.app/Gank";
			};
			name = Release;
		};
		18E9A5DE1C3CB7C600254D3D /* Debug */ = {
			isa = XCBuildConfiguration;
			buildSettings = {
				INFOPLIST_FILE = GankUITests/Info.plist;
				LD_RUNPATH_SEARCH_PATHS = "$(inherited) @executable_path/Frameworks @loader_path/Frameworks";
				PRODUCT_BUNDLE_IDENTIFIER = sxb.GankUITests;
				PRODUCT_NAME = "$(TARGET_NAME)";
				TEST_TARGET_NAME = Gank;
				USES_XCTRUNNER = YES;
			};
			name = Debug;
		};
		18E9A5DF1C3CB7C600254D3D /* Release */ = {
			isa = XCBuildConfiguration;
			buildSettings = {
				INFOPLIST_FILE = GankUITests/Info.plist;
				LD_RUNPATH_SEARCH_PATHS = "$(inherited) @executable_path/Frameworks @loader_path/Frameworks";
				PRODUCT_BUNDLE_IDENTIFIER = sxb.GankUITests;
				PRODUCT_NAME = "$(TARGET_NAME)";
				TEST_TARGET_NAME = Gank;
				USES_XCTRUNNER = YES;
			};
			name = Release;
		};
/* End XCBuildConfiguration section */

/* Begin XCConfigurationList section */
		18E9A5A71C3CB7C600254D3D /* Build configuration list for PBXProject "Gank" */ = {
			isa = XCConfigurationList;
			buildConfigurations = (
				18E9A5D51C3CB7C600254D3D /* Debug */,
				18E9A5D61C3CB7C600254D3D /* Release */,
			);
			defaultConfigurationIsVisible = 0;
			defaultConfigurationName = Release;
		};
		18E9A5D71C3CB7C600254D3D /* Build configuration list for PBXNativeTarget "Gank" */ = {
			isa = XCConfigurationList;
			buildConfigurations = (
				18E9A5D81C3CB7C600254D3D /* Debug */,
				18E9A5D91C3CB7C600254D3D /* Release */,
			);
			defaultConfigurationIsVisible = 0;
			defaultConfigurationName = Release;
		};
		18E9A5DA1C3CB7C600254D3D /* Build configuration list for PBXNativeTarget "GankTests" */ = {
			isa = XCConfigurationList;
			buildConfigurations = (
				18E9A5DB1C3CB7C600254D3D /* Debug */,
				18E9A5DC1C3CB7C600254D3D /* Release */,
			);
			defaultConfigurationIsVisible = 0;
			defaultConfigurationName = Release;
		};
		18E9A5DD1C3CB7C600254D3D /* Build configuration list for PBXNativeTarget "GankUITests" */ = {
			isa = XCConfigurationList;
			buildConfigurations = (
				18E9A5DE1C3CB7C600254D3D /* Debug */,
				18E9A5DF1C3CB7C600254D3D /* Release */,
			);
			defaultConfigurationIsVisible = 0;
			defaultConfigurationName = Release;
		};
/* End XCConfigurationList section */

/* Begin XCVersionGroup section */
		18E9A5B61C3CB7C600254D3D /* Gank.xcdatamodeld */ = {
			isa = XCVersionGroup;
			children = (
				18E9A5B71C3CB7C600254D3D /* Gank.xcdatamodel */,
			);
			currentVersion = 18E9A5B71C3CB7C600254D3D /* Gank.xcdatamodel */;
			path = Gank.xcdatamodeld;
			sourceTree = "<group>";
			versionGroupType = wrapper.xcdatamodel;
		};
/* End XCVersionGroup section */
	};
	rootObject = 18E9A5A41C3CB7C600254D3D /* Project object */;
}
